
Microsoft Visual Studio Solution File, Format Version 12.00
# Visual Studio Version 17
VisualStudioVersion = 17.9.34723.18
MinimumVisualStudioVersion = 10.0.40219.1
Project("{9A19103F-16F7-4668-BE54-9A1E7A4F7556}") = "AppBackend.API", "AppBackend.API\AppBackend.API.csproj", "{A6115013-494B-495F-A15B-CEEFAD785475}"
EndProject
Project("{9A19103F-16F7-4668-BE54-9A1E7A4F7556}") = "AppBackend.Data", "..\AppBackend.Data\AppBackend.Data.csproj", "{135B327E-6919-4774-AB92-21E159CAB5F0}"
EndProject
Project("{9A19103F-16F7-4668-BE54-9A1E7A4F7556}") = "AppBackend.Application", "..\AppBackend.Services\AppBackend.Application.csproj", "{9C141407-7BDA-435B-9822-541E841A13F6}"
EndProject
Global
	GlobalSection(SolutionConfigurationPlatforms) = preSolution
		Debug|Any CPU = Debug|Any CPU
		Release|Any CPU = Release|Any CPU
	EndGlobalSection
	GlobalSection(ProjectConfigurationPlatforms) = postSolution
		{A6115013-494B-495F-A15B-CEEFAD785475}.Debug|Any CPU.ActiveCfg = Debug|Any CPU
		{A6115013-494B-495F-A15B-CEEFAD785475}.Debug|Any CPU.Build.0 = Debug|Any CPU
		{A6115013-494B-495F-A15B-CEEFAD785475}.Release|Any CPU.ActiveCfg = Release|Any CPU
		{A6115013-494B-495F-A15B-CEEFAD785475}.Release|Any CPU.Build.0 = Release|Any CPU
		{135B327E-6919-4774-AB92-21E159CAB5F0}.Debug|Any CPU.ActiveCfg = Debug|Any CPU
		{135B327E-6919-4774-AB92-21E159CAB5F0}.Debug|Any CPU.Build.0 = Debug|Any CPU
		{135B327E-6919-4774-AB92-21E159CAB5F0}.Release|Any CPU.ActiveCfg = Release|Any CPU
		{135B327E-6919-4774-AB92-21E159CAB5F0}.Release|Any CPU.Build.0 = Release|Any CPU
		{9C141407-7BDA-435B-9822-541E841A13F6}.Debug|Any CPU.ActiveCfg = Debug|Any CPU
		{9C141407-7BDA-435B-9822-541E841A13F6}.Debug|Any CPU.Build.0 = Debug|Any CPU
		{9C141407-7BDA-435B-9822-541E841A13F6}.Release|Any CPU.ActiveCfg = Release|Any CPU
		{9C141407-7BDA-435B-9822-541E841A13F6}.Release|Any CPU.Build.0 = Release|Any CPU
	EndGlobalSection
	GlobalSection(SolutionProperties) = preSolution
		HideSolutionNode = FALSE
	EndGlobalSection
	GlobalSection(ExtensibilityGlobals) = postSolution
		SolutionGuid = {50012410-22B4-464A-B086-044EEA75155E}
	EndGlobalSection
EndGlobal
